{
  "name": "nodejs-web-app1",
  "version": "0.0.0",
  "lockfileVersion": 1,
  "requires": true,
  "dependencies": {
    "cities": {
      "version": "2.0.0",
      "resolved": "https://registry.npmjs.org/cities/-/cities-2.0.0.tgz",
      "integrity": "sha512-8XL7kGf5EZ7Q8UijCUqP49XKrPHefqheFO4jB/gsdFnnHeza/fLgF44kyvux1zMO+ywaBgs4NaHoywRP+9fHlg==",
      "requires": {
        "haversine": "^1.0.0",
        "lodash": "^4.17.11"
      }
    },
    "formidable": {
      "version": "1.2.1",
      "resolved": "https://registry.npmjs.org/formidable/-/formidable-1.2.1.tgz",
      "integrity": "sha512-Fs9VRguL0gqGHkXS5GQiMCr1VhZBxz0JnJs4JmMp/2jL18Fmbzvv7vOFRU+U8TBkHEE/CX1qDXzJplVULgsLeg=="
    },
    "haversine": {
      "version": "1.1.0",
      "resolved": "https://registry.npmjs.org/haversine/-/haversine-1.1.0.tgz",
      "integrity": "sha1-CyOAy22cEOnxIk/CtRPMYQGNX/c="
    },
    "lodash": {
      "version": "4.17.11",
      "resolved": "https://registry.npmjs.org/lodash/-/lodash-4.17.11.tgz",
      "integrity": "sha512-cQKh8igo5QUhZ7lg38DYWAxMvjSAKG0A8wGSVimP07SIUEK2UO+arSRKbRZWtelMtN5V0Hkwh5ryOto/SshYIg=="
    },
    "nodemailer": {
      "version": "5.0.0",
      "resolved": "https://registry.npmjs.org/nodemailer/-/nodemailer-5.0.0.tgz",
      "integrity": "sha512-XI4PI5L7GYcJyHkPcHlvPyRrYohNYBNRNbt1tU8PXNU3E1ADJC84a13V0vbL9AM431OP+ETacaGXAF8fGn1JvA=="
    }
  }
}
