
Microsoft Visual Studio Solution File, Format Version 12.00
# Visual Studio 15
VisualStudioVersion = 15.0.28307.168
MinimumVisualStudioVersion = 10.0.40219.1
Project("{9092AA53-FB77-4645-B42D-1CCCA6BD08BD}") = "NodejsWebApp1", "NodejsWebApp1\NodejsWebApp1.njsproj", "{ED107E5A-4CF3-455D-BD73-8BD40C564AEA}"
EndProject
Global
	GlobalSection(SolutionConfigurationPlatforms) = preSolution
		Debug|Any CPU = Debug|Any CPU
		Release|Any CPU = Release|Any CPU
	EndGlobalSection
	GlobalSection(ProjectConfigurationPlatforms) = postSolution
		{ED107E5A-4CF3-455D-BD73-8BD40C564AEA}.Debug|Any CPU.ActiveCfg = Debug|Any CPU
		{ED107E5A-4CF3-455D-BD73-8BD40C564AEA}.Debug|Any CPU.Build.0 = Debug|Any CPU
		{ED107E5A-4CF3-455D-BD73-8BD40C564AEA}.Release|Any CPU.ActiveCfg = Release|Any CPU
		{ED107E5A-4CF3-455D-BD73-8BD40C564AEA}.Release|Any CPU.Build.0 = Release|Any CPU
	EndGlobalSection
	GlobalSection(SolutionProperties) = preSolution
		HideSolutionNode = FALSE
	EndGlobalSection
	GlobalSection(ExtensibilityGlobals) = postSolution
		SolutionGuid = {760E8547-595E-45EB-9ABC-ACFC78C2C5EA}
	EndGlobalSection
EndGlobal
